
Microsoft Visual Studio Solution File, Format Version 12.00
# Visual Studio Version 16
VisualStudioVersion = 16.0.33214.272
MinimumVisualStudioVersion = 10.0.40219.1
Project("{9A19103F-16F7-4668-BE54-9A1E7A4F7556}") = "dotnetwebapp", "dotnetwebapp\dotnetwebapp.csproj", "{DA30C5CF-97A3-4CE9-854E-D1D6C1A88BA5}"
EndProject
Global
	GlobalSection(SolutionConfigurationPlatforms) = preSolution
		Debug|Any CPU = Debug|Any CPU
		Release|Any CPU = Release|Any CPU
	EndGlobalSection
	GlobalSection(ProjectConfigurationPlatforms) = postSolution
		{DA30C5CF-97A3-4CE9-854E-D1D6C1A88BA5}.Debug|Any CPU.ActiveCfg = Debug|Any CPU
		{DA30C5CF-97A3-4CE9-854E-D1D6C1A88BA5}.Debug|Any CPU.Build.0 = Debug|Any CPU
		{DA30C5CF-97A3-4CE9-854E-D1D6C1A88BA5}.Release|Any CPU.ActiveCfg = Release|Any CPU
		{DA30C5CF-97A3-4CE9-854E-D1D6C1A88BA5}.Release|Any CPU.Build.0 = Release|Any CPU
	EndGlobalSection
	GlobalSection(SolutionProperties) = preSolution
		HideSolutionNode = FALSE
	EndGlobalSection
	GlobalSection(ExtensibilityGlobals) = postSolution
		SolutionGuid = {3726967B-B14F-4D72-9D01-8D79108BFF1F}
	EndGlobalSection
EndGlobal
