
Microsoft Visual Studio Solution File, Format Version 12.00
# Visual Studio Version 16
VisualStudioVersion = 16.0.33214.272
MinimumVisualStudioVersion = 10.0.40219.1
Project("{FAE04EC0-301F-11D3-BF4B-00C04F79EFBC}") = "crudwithangular", "crudwithangular\crudwithangular.csproj", "{CA135B80-5B99-4C38-B880-0F7FC663A545}"
EndProject
Global
	GlobalSection(SolutionConfigurationPlatforms) = preSolution
		Debug|Any CPU = Debug|Any CPU
		Release|Any CPU = Release|Any CPU
	EndGlobalSection
	GlobalSection(ProjectConfigurationPlatforms) = postSolution
		{CA135B80-5B99-4C38-B880-0F7FC663A545}.Debug|Any CPU.ActiveCfg = Debug|Any CPU
		{CA135B80-5B99-4C38-B880-0F7FC663A545}.Debug|Any CPU.Build.0 = Debug|Any CPU
		{CA135B80-5B99-4C38-B880-0F7FC663A545}.Release|Any CPU.ActiveCfg = Release|Any CPU
		{CA135B80-5B99-4C38-B880-0F7FC663A545}.Release|Any CPU.Build.0 = Release|Any CPU
	EndGlobalSection
	GlobalSection(SolutionProperties) = preSolution
		HideSolutionNode = FALSE
	EndGlobalSection
	GlobalSection(ExtensibilityGlobals) = postSolution
		SolutionGuid = {5366A0E4-CCCB-49FA-988C-7886A0422CEF}
	EndGlobalSection
EndGlobal
