
Microsoft Visual Studio Solution File, Format Version 12.00
# Visual Studio Version 16
VisualStudioVersion = 16.0.33214.272
MinimumVisualStudioVersion = 10.0.40219.1
Project("{FAE04EC0-301F-11D3-BF4B-00C04F79EFBC}") = "test_aspdotnetmvcwebapi_3003", "test_aspdotnetmvcwebapi_3003\test_aspdotnetmvcwebapi_3003.csproj", "{1A5FF58F-7D4D-460D-8A26-D8C40A5C134E}"
EndProject
Global
	GlobalSection(SolutionConfigurationPlatforms) = preSolution
		Debug|Any CPU = Debug|Any CPU
		Release|Any CPU = Release|Any CPU
	EndGlobalSection
	GlobalSection(ProjectConfigurationPlatforms) = postSolution
		{1A5FF58F-7D4D-460D-8A26-D8C40A5C134E}.Debug|Any CPU.ActiveCfg = Debug|Any CPU
		{1A5FF58F-7D4D-460D-8A26-D8C40A5C134E}.Debug|Any CPU.Build.0 = Debug|Any CPU
		{1A5FF58F-7D4D-460D-8A26-D8C40A5C134E}.Release|Any CPU.ActiveCfg = Release|Any CPU
		{1A5FF58F-7D4D-460D-8A26-D8C40A5C134E}.Release|Any CPU.Build.0 = Release|Any CPU
	EndGlobalSection
	GlobalSection(SolutionProperties) = preSolution
		HideSolutionNode = FALSE
	EndGlobalSection
	GlobalSection(ExtensibilityGlobals) = postSolution
		SolutionGuid = {294CCB67-0F77-4720-A1C3-9433CC54F812}
	EndGlobalSection
EndGlobal
