
Microsoft Visual Studio Solution File, Format Version 12.00
# Visual Studio Version 16
VisualStudioVersion = 16.0.33214.272
MinimumVisualStudioVersion = 10.0.40219.1
Project("{FAE04EC0-301F-11D3-BF4B-00C04F79EFBC}") = "newaspwebapplication", "newaspwebapplication\newaspwebapplication.csproj", "{002430DA-B96F-4D38-8D4E-B184D7069DB9}"
EndProject
Global
	GlobalSection(SolutionConfigurationPlatforms) = preSolution
		Debug|Any CPU = Debug|Any CPU
		Release|Any CPU = Release|Any CPU
	EndGlobalSection
	GlobalSection(ProjectConfigurationPlatforms) = postSolution
		{002430DA-B96F-4D38-8D4E-B184D7069DB9}.Debug|Any CPU.ActiveCfg = Debug|Any CPU
		{002430DA-B96F-4D38-8D4E-B184D7069DB9}.Debug|Any CPU.Build.0 = Debug|Any CPU
		{002430DA-B96F-4D38-8D4E-B184D7069DB9}.Release|Any CPU.ActiveCfg = Release|Any CPU
		{002430DA-B96F-4D38-8D4E-B184D7069DB9}.Release|Any CPU.Build.0 = Release|Any CPU
	EndGlobalSection
	GlobalSection(SolutionProperties) = preSolution
		HideSolutionNode = FALSE
	EndGlobalSection
	GlobalSection(ExtensibilityGlobals) = postSolution
		SolutionGuid = {95A84E42-1F4F-425E-BBE8-625936478175}
	EndGlobalSection
EndGlobal
