
Microsoft Visual Studio Solution File, Format Version 12.00
# Visual Studio Version 16
VisualStudioVersion = 16.0.33214.272
MinimumVisualStudioVersion = 10.0.40219.1
Project("{FAE04EC0-301F-11D3-BF4B-00C04F79EFBC}") = "simpleconsoleapplinq", "simpleconsoleapplinq\simpleconsoleapplinq.csproj", "{1597449B-9318-4E14-BB20-2B33F8C3639E}"
EndProject
Global
	GlobalSection(SolutionConfigurationPlatforms) = preSolution
		Debug|Any CPU = Debug|Any CPU
		Release|Any CPU = Release|Any CPU
	EndGlobalSection
	GlobalSection(ProjectConfigurationPlatforms) = postSolution
		{1597449B-9318-4E14-BB20-2B33F8C3639E}.Debug|Any CPU.ActiveCfg = Debug|Any CPU
		{1597449B-9318-4E14-BB20-2B33F8C3639E}.Debug|Any CPU.Build.0 = Debug|Any CPU
		{1597449B-9318-4E14-BB20-2B33F8C3639E}.Release|Any CPU.ActiveCfg = Release|Any CPU
		{1597449B-9318-4E14-BB20-2B33F8C3639E}.Release|Any CPU.Build.0 = Release|Any CPU
	EndGlobalSection
	GlobalSection(SolutionProperties) = preSolution
		HideSolutionNode = FALSE
	EndGlobalSection
	GlobalSection(ExtensibilityGlobals) = postSolution
		SolutionGuid = {7F4F7CAF-89E5-4D55-A966-A1776A9037BB}
	EndGlobalSection
EndGlobal
